
Microsoft Visual Studio Solution File, Format Version 12.00
# Visual Studio Version 16
VisualStudioVersion = 16.0.31729.503
MinimumVisualStudioVersion = 10.0.40219.1
Project("{FAE04EC0-301F-11D3-BF4B-00C04F79EFBC}") = "FilteringLinq", "FilteringLinq\FilteringLinq.csproj", "{6AA49182-CAD4-4FA5-90FC-FE444A2676EC}"
EndProject
Global
	GlobalSection(SolutionConfigurationPlatforms) = preSolution
		Debug|Any CPU = Debug|Any CPU
		Release|Any CPU = Release|Any CPU
	EndGlobalSection
	GlobalSection(ProjectConfigurationPlatforms) = postSolution
		{6AA49182-CAD4-4FA5-90FC-FE444A2676EC}.Debug|Any CPU.ActiveCfg = Debug|Any CPU
		{6AA49182-CAD4-4FA5-90FC-FE444A2676EC}.Debug|Any CPU.Build.0 = Debug|Any CPU
		{6AA49182-CAD4-4FA5-90FC-FE444A2676EC}.Release|Any CPU.ActiveCfg = Release|Any CPU
		{6AA49182-CAD4-4FA5-90FC-FE444A2676EC}.Release|Any CPU.Build.0 = Release|Any CPU
	EndGlobalSection
	GlobalSection(SolutionProperties) = preSolution
		HideSolutionNode = FALSE
	EndGlobalSection
	GlobalSection(ExtensibilityGlobals) = postSolution
		SolutionGuid = {9D7EF700-895A-4FD2-8295-9AA08CD461F1}
	EndGlobalSection
EndGlobal
